// !$*UTF8*$!
{
	archiveVersion = 1;
	classes = {
	};
	objectVersion = 50;
	objects = {

/* Begin PBXBuildFile section */
		EAADA76F236509950040DDE9 /* AppDelegate.swift in Sources */ = {isa = PBXBuildFile; fileRef = EAADA76E236509950040DDE9 /* AppDelegate.swift */; };
		EAADA771236509950040DDE9 /* SceneDelegate.swift in Sources */ = {isa = PBXBuildFile; fileRef = EAADA770236509950040DDE9 /* SceneDelegate.swift */; };
		EAADA773236509950040DDE9 /* ViewController.swift in Sources */ = {isa = PBXBuildFile; fileRef = EAADA772236509950040DDE9 /* ViewController.swift */; };
		EAADA776236509950040DDE9 /* Main.storyboard in Resources */ = {isa = PBXBuildFile; fileRef = EAADA774236509950040DDE9 /* Main.storyboard */; };
		EAADA7782365099A0040DDE9 /* Assets.xcassets in Resources */ = {isa = PBXBuildFile; fileRef = EAADA7772365099A0040DDE9 /* Assets.xcassets */; };
		EAADA77B2365099A0040DDE9 /* LaunchScreen.storyboard in Resources */ = {isa = PBXBuildFile; fileRef = EAADA7792365099A0040DDE9 /* LaunchScreen.storyboard */; };
		EAADA78D236513E20040DDE9 /* 8.jpg in Resources */ = {isa = PBXBuildFile; fileRef = EAADA783236513E20040DDE9 /* 8.jpg */; };
		EAADA78E236513E20040DDE9 /* 9.jpg in Resources */ = {isa = PBXBuildFile; fileRef = EAADA784236513E20040DDE9 /* 9.jpg */; };
		EAADA78F236513E20040DDE9 /* 10.jpg in Resources */ = {isa = PBXBuildFile; fileRef = EAADA785236513E20040DDE9 /* 10.jpg */; };
		EAADA790236513E20040DDE9 /* 4.jpg in Resources */ = {isa = PBXBuildFile; fileRef = EAADA786236513E20040DDE9 /* 4.jpg */; };
		EAADA791236513E20040DDE9 /* 5.jpg in Resources */ = {isa = PBXBuildFile; fileRef = EAADA787236513E20040DDE9 /* 5.jpg */; };
		EAADA792236513E20040DDE9 /* 7.jpg in Resources */ = {isa = PBXBuildFile; fileRef = EAADA788236513E20040DDE9 /* 7.jpg */; };
		EAADA793236513E20040DDE9 /* 6.jpg in Resources */ = {isa = PBXBuildFile; fileRef = EAADA789236513E20040DDE9 /* 6.jpg */; };
		EAADA794236513E20040DDE9 /* 2.jpg in Resources */ = {isa = PBXBuildFile; fileRef = EAADA78A236513E20040DDE9 /* 2.jpg */; };
		EAADA795236513E20040DDE9 /* 3.jpg in Resources */ = {isa = PBXBuildFile; fileRef = EAADA78B236513E20040DDE9 /* 3.jpg */; };
		EAADA796236513E20040DDE9 /* 1.jpg in Resources */ = {isa = PBXBuildFile; fileRef = EAADA78C236513E20040DDE9 /* 1.jpg */; };
/* End PBXBuildFile section */

/* Begin PBXFileReference section */
		EAADA76B236509950040DDE9 /* TableView.app */ = {isa = PBXFileReference; explicitFileType = wrapper.application; includeInIndex = 0; path = TableView.app; sourceTree = BUILT_PRODUCTS_DIR; };
		EAADA76E236509950040DDE9 /* AppDelegate.swift */ = {isa = PBXFileReference; lastKnownFileType = sourcecode.swift; path = AppDelegate.swift; sourceTree = "<group>"; };
		EAADA770236509950040DDE9 /* SceneDelegate.swift */ = {isa = PBXFileReference; lastKnownFileType = sourcecode.swift; path = SceneDelegate.swift; sourceTree = "<group>"; };
		EAADA772236509950040DDE9 /* ViewController.swift */ = {isa = PBXFileReference; lastKnownFileType = sourcecode.swift; path = ViewController.swift; sourceTree = "<group>"; };
		EAADA775236509950040DDE9 /* Base */ = {isa = PBXFileReference; lastKnownFileType = file.storyboard; name = Base; path = Base.lproj/Main.storyboard; sourceTree = "<group>"; };
		EAADA7772365099A0040DDE9 /* Assets.xcassets */ = {isa = PBXFileReference; lastKnownFileType = folder.assetcatalog; path = Assets.xcassets; sourceTree = "<group>"; };
		EAADA77A2365099A0040DDE9 /* Base */ = {isa = PBXFileReference; lastKnownFileType = file.storyboard; name = Base; path = Base.lproj/LaunchScreen.storyboard; sourceTree = "<group>"; };
		EAADA77C2365099A0040DDE9 /* Info.plist */ = {isa = PBXFileReference; lastKnownFileType = text.plist.xml; path = Info.plist; sourceTree = "<group>"; };
		EAADA783236513E20040DDE9 /* 8.jpg */ = {isa = PBXFileReference; lastKnownFileType = image.jpeg; path = 8.jpg; sourceTree = "<group>"; };
		EAADA784236513E20040DDE9 /* 9.jpg */ = {isa = PBXFileReference; lastKnownFileType = image.jpeg; path = 9.jpg; sourceTree = "<group>"; };
		EAADA785236513E20040DDE9 /* 10.jpg */ = {isa = PBXFileReference; lastKnownFileType = image.jpeg; path = 10.jpg; sourceTree = "<group>"; };
		EAADA786236513E20040DDE9 /* 4.jpg */ = {isa = PBXFileReference; lastKnownFileType = image.jpeg; path = 4.jpg; sourceTree = "<group>"; };
		EAADA787236513E20040DDE9 /* 5.jpg */ = {isa = PBXFileReference; lastKnownFileType = image.jpeg; path = 5.jpg; sourceTree = "<group>"; };
		EAADA788236513E20040DDE9 /* 7.jpg */ = {isa = PBXFileReference; lastKnownFileType = image.jpeg; path = 7.jpg; sourceTree = "<group>"; };
		EAADA789236513E20040DDE9 /* 6.jpg */ = {isa = PBXFileReference; lastKnownFileType = image.jpeg; path = 6.jpg; sourceTree = "<group>"; };
		EAADA78A236513E20040DDE9 /* 2.jpg */ = {isa = PBXFileReference; lastKnownFileType = image.jpeg; path = 2.jpg; sourceTree = "<group>"; };
		EAADA78B236513E20040DDE9 /* 3.jpg */ = {isa = PBXFileReference; lastKnownFileType = image.jpeg; path = 3.jpg; sourceTree = "<group>"; };
		EAADA78C236513E20040DDE9 /* 1.jpg */ = {isa = PBXFileReference; lastKnownFileType = image.jpeg; path = 1.jpg; sourceTree = "<group>"; };
/* End PBXFileReference section */

/* Begin PBXFrameworksBuildPhase section */
		EAADA768236509950040DDE9 /* Frameworks */ = {
			isa = PBXFrameworksBuildPhase;
			buildActionMask = 2147483647;
			files = (
			);
			runOnlyForDeploymentPostprocessing = 0;
		};
/* End PBXFrameworksBuildPhase section */

/* Begin PBXGroup section */
		EAADA762236509950040DDE9 = {
			isa = PBXGroup;
			children = (
				EAADA76D236509950040DDE9 /* TableView */,
				EAADA76C236509950040DDE9 /* Products */,
			);
			sourceTree = "<group>";
		};
		EAADA76C236509950040DDE9 /* Products */ = {
			isa = PBXGroup;
			children = (
				EAADA76B236509950040DDE9 /* TableView.app */,
			);
			name = Products;
			sourceTree = "<group>";
		};
		EAADA76D236509950040DDE9 /* TableView */ = {
			isa = PBXGroup;
			children = (
				EAADA782236513E20040DDE9 /* mon_an */,
				EAADA76E236509950040DDE9 /* AppDelegate.swift */,
				EAADA770236509950040DDE9 /* SceneDelegate.swift */,
				EAADA772236509950040DDE9 /* ViewController.swift */,
				EAADA774236509950040DDE9 /* Main.storyboard */,
				EAADA7772365099A0040DDE9 /* Assets.xcassets */,
				EAADA7792365099A0040DDE9 /* LaunchScreen.storyboard */,
				EAADA77C2365099A0040DDE9 /* Info.plist */,
			);
			path = TableView;
			sourceTree = "<group>";
		};
		EAADA782236513E20040DDE9 /* mon_an */ = {
			isa = PBXGroup;
			children = (
				EAADA783236513E20040DDE9 /* 8.jpg */,
				EAADA784236513E20040DDE9 /* 9.jpg */,
				EAADA785236513E20040DDE9 /* 10.jpg */,
				EAADA786236513E20040DDE9 /* 4.jpg */,
				EAADA787236513E20040DDE9 /* 5.jpg */,
				EAADA788236513E20040DDE9 /* 7.jpg */,
				EAADA789236513E20040DDE9 /* 6.jpg */,
				EAADA78A236513E20040DDE9 /* 2.jpg */,
				EAADA78B236513E20040DDE9 /* 3.jpg */,
				EAADA78C236513E20040DDE9 /* 1.jpg */,
			);
			path = mon_an;
			sourceTree = "<group>";
		};
/* End PBXGroup section */

/* Begin PBXNativeTarget section */
		EAADA76A236509950040DDE9 /* TableView */ = {
			isa = PBXNativeTarget;
			buildConfigurationList = EAADA77F2365099A0040DDE9 /* Build configuration list for PBXNativeTarget "TableView" */;
			buildPhases = (
				EAADA767236509950040DDE9 /* Sources */,
				EAADA768236509950040DDE9 /* Frameworks */,
				EAADA769236509950040DDE9 /* Resources */,
			);
			buildRules = (
			);
			dependencies = (
			);
			name = TableView;
			productName = TableView;
			productReference = EAADA76B236509950040DDE9 /* TableView.app */;
			productType = "com.apple.product-type.application";
		};
/* End PBXNativeTarget section */

/* Begin PBXProject section */
		EAADA763236509950040DDE9 /* Project object */ = {
			isa = PBXProject;
			attributes = {
				LastSwiftUpdateCheck = 1110;
				LastUpgradeCheck = 1110;
				ORGANIZATIONNAME = Kha;
				TargetAttributes = {
					EAADA76A236509950040DDE9 = {
						CreatedOnToolsVersion = 11.1;
					};
				};
			};
			buildConfigurationList = EAADA766236509950040DDE9 /* Build configuration list for PBXProject "TableView" */;
			compatibilityVersion = "Xcode 9.3";
			developmentRegion = en;
			hasScannedForEncodings = 0;
			knownRegions = (
				en,
				Base,
			);
			mainGroup = EAADA762236509950040DDE9;
			productRefGroup = EAADA76C236509950040DDE9 /* Products */;
			projectDirPath = "";
			projectRoot = "";
			targets = (
				EAADA76A236509950040DDE9 /* TableView */,
			);
		};
/* End PBXProject section */

/* Begin PBXResourcesBuildPhase section */
		EAADA769236509950040DDE9 /* Resources */ = {
			isa = PBXResourcesBuildPhase;
			buildActionMask = 2147483647;
			files = (
				EAADA794236513E20040DDE9 /* 2.jpg in Resources */,
				EAADA796236513E20040DDE9 /* 1.jpg in Resources */,
				EAADA78D236513E20040DDE9 /* 8.jpg in Resources */,
				EAADA791236513E20040DDE9 /* 5.jpg in Resources */,
				EAADA795236513E20040DDE9 /* 3.jpg in Resources */,
				EAADA790236513E20040DDE9 /* 4.jpg in Resources */,
				EAADA77B2365099A0040DDE9 /* LaunchScreen.storyboard in Resources */,
				EAADA793236513E20040DDE9 /* 6.jpg in Resources */,
				EAADA7782365099A0040DDE9 /* Assets.xcassets in Resources */,
				EAADA78E236513E20040DDE9 /* 9.jpg in Resources */,
				EAADA792236513E20040DDE9 /* 7.jpg in Resources */,
				EAADA78F236513E20040DDE9 /* 10.jpg in Resources */,
				EAADA776236509950040DDE9 /* Main.storyboard in Resources */,
			);
			runOnlyForDeploymentPostprocessing = 0;
		};
/* End PBXResourcesBuildPhase section */

/* Begin PBXSourcesBuildPhase section */
		EAADA767236509950040DDE9 /* Sources */ = {
			isa = PBXSourcesBuildPhase;
			buildActionMask = 2147483647;
			files = (
				EAADA773236509950040DDE9 /* ViewController.swift in Sources */,
				EAADA76F236509950040DDE9 /* AppDelegate.swift in Sources */,
				EAADA771236509950040DDE9 /* SceneDelegate.swift in Sources */,
			);
			runOnlyForDeploymentPostprocessing = 0;
		};
/* End PBXSourcesBuildPhase section */

/* Begin PBXVariantGroup section */
		EAADA774236509950040DDE9 /* Main.storyboard */ = {
			isa = PBXVariantGroup;
			children = (
				EAADA775236509950040DDE9 /* Base */,
			);
			name = Main.storyboard;
			sourceTree = "<group>";
		};
		EAADA7792365099A0040DDE9 /* LaunchScreen.storyboard */ = {
			isa = PBXVariantGroup;
			children = (
				EAADA77A2365099A0040DDE9 /* Base */,
			);
			name = LaunchScreen.storyboard;
			sourceTree = "<group>";
		};
/* End PBXVariantGroup section */

/* Begin XCBuildConfiguration section */
		EAADA77D2365099A0040DDE9 /* Debug */ = {
			isa = XCBuildConfiguration;
			buildSettings = {
				ALWAYS_SEARCH_USER_PATHS = NO;
				CLANG_ANALYZER_NONNULL = YES;
				CLANG_ANALYZER_NUMBER_OBJECT_CONVERSION = YES_AGGRESSIVE;
				CLANG_CXX_LANGUAGE_STANDARD = "gnu++14";
				CLANG_CXX_LIBRARY = "libc++";
				CLANG_ENABLE_MODULES = YES;
				CLANG_ENABLE_OBJC_ARC = YES;
				CLANG_ENABLE_OBJC_WEAK = YES;
				CLANG_WARN_BLOCK_CAPTURE_AUTORELEASING = YES;
				CLANG_WARN_BOOL_CONVERSION = YES;
				CLANG_WARN_COMMA = YES;
				CLANG_WARN_CONSTANT_CONVERSION = YES;
				CLANG_WARN_DEPRECATED_OBJC_IMPLEMENTATIONS = YES;
				CLANG_WARN_DIRECT_OBJC_ISA_USAGE = YES_ERROR;
				CLANG_WARN_DOCUMENTATION_COMMENTS = YES;
				CLANG_WARN_EMPTY_BODY = YES;
				CLANG_WARN_ENUM_CONVERSION = YES;
				CLANG_WARN_INFINITE_RECURSION = YES;
				CLANG_WARN_INT_CONVERSION = YES;
				CLANG_WARN_NON_LITERAL_NULL_CONVERSION = YES;
				CLANG_WARN_OBJC_IMPLICIT_RETAIN_SELF = YES;
				CLANG_WARN_OBJC_LITERAL_CONVERSION = YES;
				CLANG_WARN_OBJC_ROOT_CLASS = YES_ERROR;
				CLANG_WARN_RANGE_LOOP_ANALYSIS = YES;
				CLANG_WARN_STRICT_PROTOTYPES = YES;
				CLANG_WARN_SUSPICIOUS_MOVE = YES;
				CLANG_WARN_UNGUARDED_AVAILABILITY = YES_AGGRESSIVE;
				CLANG_WARN_UNREACHABLE_CODE = YES;
				CLANG_WARN__DUPLICATE_METHOD_MATCH = YES;
				COPY_PHASE_STRIP = NO;
				DEBUG_INFORMATION_FORMAT = dwarf;
				ENABLE_STRICT_OBJC_MSGSEND = YES;
				ENABLE_TESTABILITY = YES;
				GCC_C_LANGUAGE_STANDARD = gnu11;
				GCC_DYNAMIC_NO_PIC = NO;
				GCC_NO_COMMON_BLOCKS = YES;
				GCC_OPTIMIZATION_LEVEL = 0;
				GCC_PREPROCESSOR_DEFINITIONS = (
					"DEBUG=1",
					"$(inherited)",
				);
				GCC_WARN_64_TO_32_BIT_CONVERSION = YES;
				GCC_WARN_ABOUT_RETURN_TYPE = YES_ERROR;
				GCC_WARN_UNDECLARED_SELECTOR = YES;
				GCC_WARN_UNINITIALIZED_AUTOS = YES_AGGRESSIVE;
				GCC_WARN_UNUSED_FUNCTION = YES;
				GCC_WARN_UNUSED_VARIABLE = YES;
				IPHONEOS_DEPLOYMENT_TARGET = 13.1;
				MTL_ENABLE_DEBUG_INFO = INCLUDE_SOURCE;
				MTL_FAST_MATH = YES;
				ONLY_ACTIVE_ARCH = YES;
				SDKROOT = iphoneos;
				SWIFT_ACTIVE_COMPILATION_CONDITIONS = DEBUG;
				SWIFT_OPTIMIZATION_LEVEL = "-Onone";
			};
			name = Debug;
		};
		EAADA77E2365099A0040DDE9 /* Release */ = {
			isa = XCBuildConfiguration;
			buildSettings = {
				ALWAYS_SEARCH_USER_PATHS = NO;
				CLANG_ANALYZER_NONNULL = YES;
				CLANG_ANALYZER_NUMBER_OBJECT_CONVERSION = YES_AGGRESSIVE;
				CLANG_CXX_LANGUAGE_STANDARD = "gnu++14";
				CLANG_CXX_LIBRARY = "libc++";
				CLANG_ENABLE_MODULES = YES;
				CLANG_ENABLE_OBJC_ARC = YES;
				CLANG_ENABLE_OBJC_WEAK = YES;
				CLANG_WARN_BLOCK_CAPTURE_AUTORELEASING = YES;
				CLANG_WARN_BOOL_CONVERSION = YES;
				CLANG_WARN_COMMA = YES;
				CLANG_WARN_CONSTANT_CONVERSION = YES;
				CLANG_WARN_DEPRECATED_OBJC_IMPLEMENTATIONS = YES;
				CLANG_WARN_DIRECT_OBJC_ISA_USAGE = YES_ERROR;
				CLANG_WARN_DOCUMENTATION_COMMENTS = YES;
				CLANG_WARN_EMPTY_BODY = YES;
				CLANG_WARN_ENUM_CONVERSION = YES;
				CLANG_WARN_INFINITE_RECURSION = YES;
				CLANG_WARN_INT_CONVERSION = YES;
				CLANG_WARN_NON_LITERAL_NULL_CONVERSION = YES;
				CLANG_WARN_OBJC_IMPLICIT_RETAIN_SELF = YES;
				CLANG_WARN_OBJC_LITERAL_CONVERSION = YES;
				CLANG_WARN_OBJC_ROOT_CLASS = YES_ERROR;
				CLANG_WARN_RANGE_LOOP_ANALYSIS = YES;
				CLANG_WARN_STRICT_PROTOTYPES = YES;
				CLANG_WARN_SUSPICIOUS_MOVE = YES;
				CLANG_WARN_UNGUARDED_AVAILABILITY = YES_AGGRESSIVE;
				CLANG_WARN_UNREACHABLE_CODE = YES;
				CLANG_WARN__DUPLICATE_METHOD_MATCH = YES;
				COPY_PHASE_STRIP = NO;
				DEBUG_INFORMATION_FORMAT = "dwarf-with-dsym";
				ENABLE_NS_ASSERTIONS = NO;
				ENABLE_STRICT_OBJC_MSGSEND = YES;
				GCC_C_LANGUAGE_STANDARD = gnu11;
				GCC_NO_COMMON_BLOCKS = YES;
				GCC_WARN_64_TO_32_BIT_CONVERSION = YES;
				GCC_WARN_ABOUT_RETURN_TYPE = YES_ERROR;
				GCC_WARN_UNDECLARED_SELECTOR = YES;
				GCC_WARN_UNINITIALIZED_AUTOS = YES_AGGRESSIVE;
				GCC_WARN_UNUSED_FUNCTION = YES;
				GCC_WARN_UNUSED_VARIABLE = YES;
				IPHONEOS_DEPLOYMENT_TARGET = 13.1;
				MTL_ENABLE_DEBUG_INFO = NO;
				MTL_FAST_MATH = YES;
				SDKROOT = iphoneos;
				SWIFT_COMPILATION_MODE = wholemodule;
				SWIFT_OPTIMIZATION_LEVEL = "-O";
				VALIDATE_PRODUCT = YES;
			};
			name = Release;
		};
		EAADA7802365099A0040DDE9 /* Debug */ = {
			isa = XCBuildConfiguration;
			buildSettings = {
				ASSETCATALOG_COMPILER_APPICON_NAME = AppIcon;
				CODE_SIGN_STYLE = Automatic;
				INFOPLIST_FILE = TableView/Info.plist;
				LD_RUNPATH_SEARCH_PATHS = (
					"$(inherited)",
					"@executable_path/Frameworks",
				);
				PRODUCT_BUNDLE_IDENTIFIER = com.kha.TableView;
				PRODUCT_NAME = "$(TARGET_NAME)";
				SWIFT_VERSION = 5.0;
				TARGETED_DEVICE_FAMILY = "1,2";
			};
			name = Debug;
		};
		EAADA7812365099A0040DDE9 /* Release */ = {
			isa = XCBuildConfiguration;
			buildSettings = {
				ASSETCATALOG_COMPILER_APPICON_NAME = AppIcon;
				CODE_SIGN_STYLE = Automatic;
				INFOPLIST_FILE = TableView/Info.plist;
				LD_RUNPATH_SEARCH_PATHS = (
					"$(inherited)",
					"@executable_path/Frameworks",
				);
				PRODUCT_BUNDLE_IDENTIFIER = com.kha.TableView;
				PRODUCT_NAME = "$(TARGET_NAME)";
				SWIFT_VERSION = 5.0;
				TARGETED_DEVICE_FAMILY = "1,2";
			};
			name = Release;
		};
/* End XCBuildConfiguration section */

/* Begin XCConfigurationList section */
		EAADA766236509950040DDE9 /* Build configuration list for PBXProject "TableView" */ = {
			isa = XCConfigurationList;
			buildConfigurations = (
				EAADA77D2365099A0040DDE9 /* Debug */,
				EAADA77E2365099A0040DDE9 /* Release */,
			);
			defaultConfigurationIsVisible = 0;
			defaultConfigurationName = Release;
		};
		EAADA77F2365099A0040DDE9 /* Build configuration list for PBXNativeTarget "TableView" */ = {
			isa = XCConfigurationList;
			buildConfigurations = (
				EAADA7802365099A0040DDE9 /* Debug */,
				EAADA7812365099A0040DDE9 /* Release */,
			);
			defaultConfigurationIsVisible = 0;
			defaultConfigurationName = Release;
		};
/* End XCConfigurationList section */
	};
	rootObject = EAADA763236509950040DDE9 /* Project object */;
}
