// !$*UTF8*$!
{
	archiveVersion = 1;
	classes = {
	};
	objectVersion = 50;
	objects = {

/* Begin PBXBuildFile section */
		52AAF4E222A551AE004D1C0F /* AppDelegate.swift in Sources */ = {isa = PBXBuildFile; fileRef = 52AAF4E122A551AE004D1C0F /* AppDelegate.swift */; };
		52AAF4E422A551AE004D1C0F /* ViewController.swift in Sources */ = {isa = PBXBuildFile; fileRef = 52AAF4E322A551AE004D1C0F /* ViewController.swift */; };
		52AAF4E722A551AE004D1C0F /* Main.storyboard in Resources */ = {isa = PBXBuildFile; fileRef = 52AAF4E522A551AE004D1C0F /* Main.storyboard */; };
		52AAF4E922A551B4004D1C0F /* Assets.xcassets in Resources */ = {isa = PBXBuildFile; fileRef = 52AAF4E822A551B4004D1C0F /* Assets.xcassets */; };
		52AAF4EC22A551B4004D1C0F /* LaunchScreen.storyboard in Resources */ = {isa = PBXBuildFile; fileRef = 52AAF4EA22A551B4004D1C0F /* LaunchScreen.storyboard */; };
		52AAF4F522A551DD004D1C0F /* 2.jpeg in Resources */ = {isa = PBXBuildFile; fileRef = 52AAF4F322A551DD004D1C0F /* 2.jpeg */; };
		52AAF4F622A551DD004D1C0F /* 1.jpg in Resources */ = {isa = PBXBuildFile; fileRef = 52AAF4F422A551DD004D1C0F /* 1.jpg */; };
/* End PBXBuildFile section */

/* Begin PBXFileReference section */
		52AAF4DE22A551AE004D1C0F /* SwitchExample.app */ = {isa = PBXFileReference; explicitFileType = wrapper.application; includeInIndex = 0; path = SwitchExample.app; sourceTree = BUILT_PRODUCTS_DIR; };
		52AAF4E122A551AE004D1C0F /* AppDelegate.swift */ = {isa = PBXFileReference; lastKnownFileType = sourcecode.swift; path = AppDelegate.swift; sourceTree = "<group>"; };
		52AAF4E322A551AE004D1C0F /* ViewController.swift */ = {isa = PBXFileReference; lastKnownFileType = sourcecode.swift; path = ViewController.swift; sourceTree = "<group>"; };
		52AAF4E622A551AE004D1C0F /* Base */ = {isa = PBXFileReference; lastKnownFileType = file.storyboard; name = Base; path = Base.lproj/Main.storyboard; sourceTree = "<group>"; };
		52AAF4E822A551B4004D1C0F /* Assets.xcassets */ = {isa = PBXFileReference; lastKnownFileType = folder.assetcatalog; path = Assets.xcassets; sourceTree = "<group>"; };
		52AAF4EB22A551B4004D1C0F /* Base */ = {isa = PBXFileReference; lastKnownFileType = file.storyboard; name = Base; path = Base.lproj/LaunchScreen.storyboard; sourceTree = "<group>"; };
		52AAF4ED22A551B4004D1C0F /* Info.plist */ = {isa = PBXFileReference; lastKnownFileType = text.plist.xml; path = Info.plist; sourceTree = "<group>"; };
		52AAF4F322A551DD004D1C0F /* 2.jpeg */ = {isa = PBXFileReference; lastKnownFileType = image.jpeg; path = 2.jpeg; sourceTree = "<group>"; };
		52AAF4F422A551DD004D1C0F /* 1.jpg */ = {isa = PBXFileReference; lastKnownFileType = image.jpeg; path = 1.jpg; sourceTree = "<group>"; };
/* End PBXFileReference section */

/* Begin PBXFrameworksBuildPhase section */
		52AAF4DB22A551AE004D1C0F /* Frameworks */ = {
			isa = PBXFrameworksBuildPhase;
			buildActionMask = 2147483647;
			files = (
			);
			runOnlyForDeploymentPostprocessing = 0;
		};
/* End PBXFrameworksBuildPhase section */

/* Begin PBXGroup section */
		52AAF4D522A551AE004D1C0F = {
			isa = PBXGroup;
			children = (
				52AAF4E022A551AE004D1C0F /* SwitchExample */,
				52AAF4DF22A551AE004D1C0F /* Products */,
			);
			sourceTree = "<group>";
		};
		52AAF4DF22A551AE004D1C0F /* Products */ = {
			isa = PBXGroup;
			children = (
				52AAF4DE22A551AE004D1C0F /* SwitchExample.app */,
			);
			name = Products;
			sourceTree = "<group>";
		};
		52AAF4E022A551AE004D1C0F /* SwitchExample */ = {
			isa = PBXGroup;
			children = (
				52AAF4F422A551DD004D1C0F /* 1.jpg */,
				52AAF4F322A551DD004D1C0F /* 2.jpeg */,
				52AAF4E122A551AE004D1C0F /* AppDelegate.swift */,
				52AAF4E322A551AE004D1C0F /* ViewController.swift */,
				52AAF4E522A551AE004D1C0F /* Main.storyboard */,
				52AAF4E822A551B4004D1C0F /* Assets.xcassets */,
				52AAF4EA22A551B4004D1C0F /* LaunchScreen.storyboard */,
				52AAF4ED22A551B4004D1C0F /* Info.plist */,
			);
			path = SwitchExample;
			sourceTree = "<group>";
		};
/* End PBXGroup section */

/* Begin PBXNativeTarget section */
		52AAF4DD22A551AE004D1C0F /* SwitchExample */ = {
			isa = PBXNativeTarget;
			buildConfigurationList = 52AAF4F022A551B4004D1C0F /* Build configuration list for PBXNativeTarget "SwitchExample" */;
			buildPhases = (
				52AAF4DA22A551AE004D1C0F /* Sources */,
				52AAF4DB22A551AE004D1C0F /* Frameworks */,
				52AAF4DC22A551AE004D1C0F /* Resources */,
			);
			buildRules = (
			);
			dependencies = (
			);
			name = SwitchExample;
			productName = SwitchExample;
			productReference = 52AAF4DE22A551AE004D1C0F /* SwitchExample.app */;
			productType = "com.apple.product-type.application";
		};
/* End PBXNativeTarget section */

/* Begin PBXProject section */
		52AAF4D622A551AE004D1C0F /* Project object */ = {
			isa = PBXProject;
			attributes = {
				LastSwiftUpdateCheck = 1020;
				LastUpgradeCheck = 1020;
				ORGANIZATIONNAME = LTIOS;
				TargetAttributes = {
					52AAF4DD22A551AE004D1C0F = {
						CreatedOnToolsVersion = 10.2.1;
					};
				};
			};
			buildConfigurationList = 52AAF4D922A551AE004D1C0F /* Build configuration list for PBXProject "SwitchExample" */;
			compatibilityVersion = "Xcode 9.3";
			developmentRegion = en;
			hasScannedForEncodings = 0;
			knownRegions = (
				en,
				Base,
			);
			mainGroup = 52AAF4D522A551AE004D1C0F;
			productRefGroup = 52AAF4DF22A551AE004D1C0F /* Products */;
			projectDirPath = "";
			projectRoot = "";
			targets = (
				52AAF4DD22A551AE004D1C0F /* SwitchExample */,
			);
		};
/* End PBXProject section */

/* Begin PBXResourcesBuildPhase section */
		52AAF4DC22A551AE004D1C0F /* Resources */ = {
			isa = PBXResourcesBuildPhase;
			buildActionMask = 2147483647;
			files = (
				52AAF4F522A551DD004D1C0F /* 2.jpeg in Resources */,
				52AAF4EC22A551B4004D1C0F /* LaunchScreen.storyboard in Resources */,
				52AAF4E922A551B4004D1C0F /* Assets.xcassets in Resources */,
				52AAF4E722A551AE004D1C0F /* Main.storyboard in Resources */,
				52AAF4F622A551DD004D1C0F /* 1.jpg in Resources */,
			);
			runOnlyForDeploymentPostprocessing = 0;
		};
/* End PBXResourcesBuildPhase section */

/* Begin PBXSourcesBuildPhase section */
		52AAF4DA22A551AE004D1C0F /* Sources */ = {
			isa = PBXSourcesBuildPhase;
			buildActionMask = 2147483647;
			files = (
				52AAF4E422A551AE004D1C0F /* ViewController.swift in Sources */,
				52AAF4E222A551AE004D1C0F /* AppDelegate.swift in Sources */,
			);
			runOnlyForDeploymentPostprocessing = 0;
		};
/* End PBXSourcesBuildPhase section */

/* Begin PBXVariantGroup section */
		52AAF4E522A551AE004D1C0F /* Main.storyboard */ = {
			isa = PBXVariantGroup;
			children = (
				52AAF4E622A551AE004D1C0F /* Base */,
			);
			name = Main.storyboard;
			sourceTree = "<group>";
		};
		52AAF4EA22A551B4004D1C0F /* LaunchScreen.storyboard */ = {
			isa = PBXVariantGroup;
			children = (
				52AAF4EB22A551B4004D1C0F /* Base */,
			);
			name = LaunchScreen.storyboard;
			sourceTree = "<group>";
		};
/* End PBXVariantGroup section */

/* Begin XCBuildConfiguration section */
		52AAF4EE22A551B4004D1C0F /* Debug */ = {
			isa = XCBuildConfiguration;
			buildSettings = {
				ALWAYS_SEARCH_USER_PATHS = NO;
				CLANG_ANALYZER_NONNULL = YES;
				CLANG_ANALYZER_NUMBER_OBJECT_CONVERSION = YES_AGGRESSIVE;
				CLANG_CXX_LANGUAGE_STANDARD = "gnu++14";
				CLANG_CXX_LIBRARY = "libc++";
				CLANG_ENABLE_MODULES = YES;
				CLANG_ENABLE_OBJC_ARC = YES;
				CLANG_ENABLE_OBJC_WEAK = YES;
				CLANG_WARN_BLOCK_CAPTURE_AUTORELEASING = YES;
				CLANG_WARN_BOOL_CONVERSION = YES;
				CLANG_WARN_COMMA = YES;
				CLANG_WARN_CONSTANT_CONVERSION = YES;
				CLANG_WARN_DEPRECATED_OBJC_IMPLEMENTATIONS = YES;
				CLANG_WARN_DIRECT_OBJC_ISA_USAGE = YES_ERROR;
				CLANG_WARN_DOCUMENTATION_COMMENTS = YES;
				CLANG_WARN_EMPTY_BODY = YES;
				CLANG_WARN_ENUM_CONVERSION = YES;
				CLANG_WARN_INFINITE_RECURSION = YES;
				CLANG_WARN_INT_CONVERSION = YES;
				CLANG_WARN_NON_LITERAL_NULL_CONVERSION = YES;
				CLANG_WARN_OBJC_IMPLICIT_RETAIN_SELF = YES;
				CLANG_WARN_OBJC_LITERAL_CONVERSION = YES;
				CLANG_WARN_OBJC_ROOT_CLASS = YES_ERROR;
				CLANG_WARN_RANGE_LOOP_ANALYSIS = YES;
				CLANG_WARN_STRICT_PROTOTYPES = YES;
				CLANG_WARN_SUSPICIOUS_MOVE = YES;
				CLANG_WARN_UNGUARDED_AVAILABILITY = YES_AGGRESSIVE;
				CLANG_WARN_UNREACHABLE_CODE = YES;
				CLANG_WARN__DUPLICATE_METHOD_MATCH = YES;
				CODE_SIGN_IDENTITY = "iPhone Developer";
				COPY_PHASE_STRIP = NO;
				DEBUG_INFORMATION_FORMAT = dwarf;
				ENABLE_STRICT_OBJC_MSGSEND = YES;
				ENABLE_TESTABILITY = YES;
				GCC_C_LANGUAGE_STANDARD = gnu11;
				GCC_DYNAMIC_NO_PIC = NO;
				GCC_NO_COMMON_BLOCKS = YES;
				GCC_OPTIMIZATION_LEVEL = 0;
				GCC_PREPROCESSOR_DEFINITIONS = (
					"DEBUG=1",
					"$(inherited)",
				);
				GCC_WARN_64_TO_32_BIT_CONVERSION = YES;
				GCC_WARN_ABOUT_RETURN_TYPE = YES_ERROR;
				GCC_WARN_UNDECLARED_SELECTOR = YES;
				GCC_WARN_UNINITIALIZED_AUTOS = YES_AGGRESSIVE;
				GCC_WARN_UNUSED_FUNCTION = YES;
				GCC_WARN_UNUSED_VARIABLE = YES;
				IPHONEOS_DEPLOYMENT_TARGET = 12.2;
				MTL_ENABLE_DEBUG_INFO = INCLUDE_SOURCE;
				MTL_FAST_MATH = YES;
				ONLY_ACTIVE_ARCH = YES;
				SDKROOT = iphoneos;
				SWIFT_ACTIVE_COMPILATION_CONDITIONS = DEBUG;
				SWIFT_OPTIMIZATION_LEVEL = "-Onone";
			};
			name = Debug;
		};
		52AAF4EF22A551B4004D1C0F /* Release */ = {
			isa = XCBuildConfiguration;
			buildSettings = {
				ALWAYS_SEARCH_USER_PATHS = NO;
				CLANG_ANALYZER_NONNULL = YES;
				CLANG_ANALYZER_NUMBER_OBJECT_CONVERSION = YES_AGGRESSIVE;
				CLANG_CXX_LANGUAGE_STANDARD = "gnu++14";
				CLANG_CXX_LIBRARY = "libc++";
				CLANG_ENABLE_MODULES = YES;
				CLANG_ENABLE_OBJC_ARC = YES;
				CLANG_ENABLE_OBJC_WEAK = YES;
				CLANG_WARN_BLOCK_CAPTURE_AUTORELEASING = YES;
				CLANG_WARN_BOOL_CONVERSION = YES;
				CLANG_WARN_COMMA = YES;
				CLANG_WARN_CONSTANT_CONVERSION = YES;
				CLANG_WARN_DEPRECATED_OBJC_IMPLEMENTATIONS = YES;
				CLANG_WARN_DIRECT_OBJC_ISA_USAGE = YES_ERROR;
				CLANG_WARN_DOCUMENTATION_COMMENTS = YES;
				CLANG_WARN_EMPTY_BODY = YES;
				CLANG_WARN_ENUM_CONVERSION = YES;
				CLANG_WARN_INFINITE_RECURSION = YES;
				CLANG_WARN_INT_CONVERSION = YES;
				CLANG_WARN_NON_LITERAL_NULL_CONVERSION = YES;
				CLANG_WARN_OBJC_IMPLICIT_RETAIN_SELF = YES;
				CLANG_WARN_OBJC_LITERAL_CONVERSION = YES;
				CLANG_WARN_OBJC_ROOT_CLASS = YES_ERROR;
				CLANG_WARN_RANGE_LOOP_ANALYSIS = YES;
				CLANG_WARN_STRICT_PROTOTYPES = YES;
				CLANG_WARN_SUSPICIOUS_MOVE = YES;
				CLANG_WARN_UNGUARDED_AVAILABILITY = YES_AGGRESSIVE;
				CLANG_WARN_UNREACHABLE_CODE = YES;
				CLANG_WARN__DUPLICATE_METHOD_MATCH = YES;
				CODE_SIGN_IDENTITY = "iPhone Developer";
				COPY_PHASE_STRIP = NO;
				DEBUG_INFORMATION_FORMAT = "dwarf-with-dsym";
				ENABLE_NS_ASSERTIONS = NO;
				ENABLE_STRICT_OBJC_MSGSEND = YES;
				GCC_C_LANGUAGE_STANDARD = gnu11;
				GCC_NO_COMMON_BLOCKS = YES;
				GCC_WARN_64_TO_32_BIT_CONVERSION = YES;
				GCC_WARN_ABOUT_RETURN_TYPE = YES_ERROR;
				GCC_WARN_UNDECLARED_SELECTOR = YES;
				GCC_WARN_UNINITIALIZED_AUTOS = YES_AGGRESSIVE;
				GCC_WARN_UNUSED_FUNCTION = YES;
				GCC_WARN_UNUSED_VARIABLE = YES;
				IPHONEOS_DEPLOYMENT_TARGET = 12.2;
				MTL_ENABLE_DEBUG_INFO = NO;
				MTL_FAST_MATH = YES;
				SDKROOT = iphoneos;
				SWIFT_COMPILATION_MODE = wholemodule;
				SWIFT_OPTIMIZATION_LEVEL = "-O";
				VALIDATE_PRODUCT = YES;
			};
			name = Release;
		};
		52AAF4F122A551B4004D1C0F /* Debug */ = {
			isa = XCBuildConfiguration;
			buildSettings = {
				ASSETCATALOG_COMPILER_APPICON_NAME = AppIcon;
				CODE_SIGN_STYLE = Automatic;
				INFOPLIST_FILE = SwitchExample/Info.plist;
				LD_RUNPATH_SEARCH_PATHS = (
					"$(inherited)",
					"@executable_path/Frameworks",
				);
				PRODUCT_BUNDLE_IDENTIFIER = com.ltios.SwitchExample;
				PRODUCT_NAME = "$(TARGET_NAME)";
				SWIFT_VERSION = 5.0;
				TARGETED_DEVICE_FAMILY = "1,2";
			};
			name = Debug;
		};
		52AAF4F222A551B4004D1C0F /* Release */ = {
			isa = XCBuildConfiguration;
			buildSettings = {
				ASSETCATALOG_COMPILER_APPICON_NAME = AppIcon;
				CODE_SIGN_STYLE = Automatic;
				INFOPLIST_FILE = SwitchExample/Info.plist;
				LD_RUNPATH_SEARCH_PATHS = (
					"$(inherited)",
					"@executable_path/Frameworks",
				);
				PRODUCT_BUNDLE_IDENTIFIER = com.ltios.SwitchExample;
				PRODUCT_NAME = "$(TARGET_NAME)";
				SWIFT_VERSION = 5.0;
				TARGETED_DEVICE_FAMILY = "1,2";
			};
			name = Release;
		};
/* End XCBuildConfiguration section */

/* Begin XCConfigurationList section */
		52AAF4D922A551AE004D1C0F /* Build configuration list for PBXProject "SwitchExample" */ = {
			isa = XCConfigurationList;
			buildConfigurations = (
				52AAF4EE22A551B4004D1C0F /* Debug */,
				52AAF4EF22A551B4004D1C0F /* Release */,
			);
			defaultConfigurationIsVisible = 0;
			defaultConfigurationName = Release;
		};
		52AAF4F022A551B4004D1C0F /* Build configuration list for PBXNativeTarget "SwitchExample" */ = {
			isa = XCConfigurationList;
			buildConfigurations = (
				52AAF4F122A551B4004D1C0F /* Debug */,
				52AAF4F222A551B4004D1C0F /* Release */,
			);
			defaultConfigurationIsVisible = 0;
			defaultConfigurationName = Release;
		};
/* End XCConfigurationList section */
	};
	rootObject = 52AAF4D622A551AE004D1C0F /* Project object */;
}
